{
  "name": "adverb-where",
  "version": "0.1.0",
  "lockfileVersion": 1,
  "requires": true,
  "dependencies": {
    "coffee-script": {
      "version": "https://registry.npmjs.org/coffee-script/-/coffee-script-1.7.1.tgz",
      "integrity": "sha1-YplqhheAx15tUGnROCJyO3NAS/w=",
      "dev": true,
      "requires": {
        "mkdirp": "https://registry.npmjs.org/mkdirp/-/mkdirp-0.3.5.tgz"
      }
    },
    "gaze": {
      "version": "http://artifactory.otenv.com/artifactory/api/npm/npm-virtual/gaze/-/gaze-0.5.2.tgz",
      "integrity": "sha1-QLcJU30k0dRXZ9takIaJ3+aaxE8=",
      "dev": true,
      "requires": {
        "globule": "http://artifactory.otenv.com/artifactory/api/npm/npm-virtual/globule/-/globule-0.1.0.tgz"
      }
    },
    "glob": {
      "version": "http://artifactory.otenv.com/artifactory/api/npm/npm-virtual/glob/-/glob-3.1.21.tgz",
      "integrity": "sha1-0p4KBV3qUTj00H7UDomC6DwgZs0=",
      "dev": true,
      "requires": {
        "graceful-fs": "http://artifactory.otenv.com/artifactory/api/npm/npm-virtual/graceful-fs/-/graceful-fs-1.2.3.tgz",
        "inherits": "http://artifactory.otenv.com/artifactory/api/npm/npm-virtual/inherits/-/inherits-1.0.2.tgz",
        "minimatch": "http://artifactory.otenv.com/artifactory/api/npm/npm-virtual/minimatch/-/minimatch-0.2.14.tgz"
      }
    },
    "globule": {
      "version": "http://artifactory.otenv.com/artifactory/api/npm/npm-virtual/globule/-/globule-0.1.0.tgz",
      "integrity": "sha1-2cjt3h2nnRJaFRt5UzuXhnY0auU=",
      "dev": true,
      "requires": {
        "glob": "http://artifactory.otenv.com/artifactory/api/npm/npm-virtual/glob/-/glob-3.1.21.tgz",
        "lodash": "http://artifactory.otenv.com/artifactory/api/npm/npm-virtual/lodash/-/lodash-1.0.2.tgz",
        "minimatch": "http://artifactory.otenv.com/artifactory/api/npm/npm-virtual/minimatch/-/minimatch-0.2.14.tgz"
      }
    },
    "graceful-fs": {
      "version": "http://artifactory.otenv.com/artifactory/api/npm/npm-virtual/graceful-fs/-/graceful-fs-1.2.3.tgz",
      "integrity": "sha1-FaSAaldUfLLS2/J/QuiajDRRs2Q=",
      "dev": true
    },
    "growl": {
      "version": "http://artifactory.otenv.com:8081/artifactory/api/npm/npm-virtual/growl/-/growl-1.7.0.tgz",
      "integrity": "sha1-3i1mE20ALhErpw8/EMMc98NQsto=",
      "dev": true
    },
    "inherits": {
      "version": "http://artifactory.otenv.com/artifactory/api/npm/npm-virtual/inherits/-/inherits-1.0.2.tgz",
      "integrity": "sha1-ykMJ2t7mtUzAuNJH6NfHoJdb3Js=",
      "dev": true
    },
    "jasmine-growl-reporter": {
      "version": "https://registry.npmjs.org/jasmine-growl-reporter/-/jasmine-growl-reporter-0.2.1.tgz",
      "integrity": "sha1-1fCje5L2qD/VxkgrgJSVyQqLVf4=",
      "dev": true,
      "requires": {
        "growl": "http://artifactory.otenv.com:8081/artifactory/api/npm/npm-virtual/growl/-/growl-1.7.0.tgz"
      }
    },
    "jasmine-node": {
      "version": "https://registry.npmjs.org/jasmine-node/-/jasmine-node-2.0.0.tgz",
      "integrity": "sha1-gXUacjJfVJdJCxQYGlUIfxsDcf8=",
      "dev": true,
      "requires": {
        "coffee-script": "https://registry.npmjs.org/coffee-script/-/coffee-script-1.7.1.tgz",
        "gaze": "http://artifactory.otenv.com/artifactory/api/npm/npm-virtual/gaze/-/gaze-0.5.2.tgz",
        "jasmine-growl-reporter": "https://registry.npmjs.org/jasmine-growl-reporter/-/jasmine-growl-reporter-0.2.1.tgz",
        "minimist": "https://registry.npmjs.org/minimist/-/minimist-0.0.8.tgz",
        "mkdirp": "https://registry.npmjs.org/mkdirp/-/mkdirp-0.3.5.tgz",
        "underscore": "http://artifactory.otenv.com/artifactory/api/npm/npm-virtual/underscore/-/underscore-1.6.0.tgz",
        "walkdir": "https://registry.npmjs.org/walkdir/-/walkdir-0.0.11.tgz"
      }
    },
    "lodash": {
      "version": "http://artifactory.otenv.com/artifactory/api/npm/npm-virtual/lodash/-/lodash-1.0.2.tgz",
      "integrity": "sha1-j1dWDIO1n8JwvT1WG2kAQ0MOJVE=",
      "dev": true
    },
    "lru-cache": {
      "version": "http://artifactory.otenv.com/artifactory/api/npm/npm-virtual/lru-cache/-/lru-cache-2.7.3.tgz",
      "integrity": "sha1-bUUk6LlV+V1PW1iFHOId1y+06VI=",
      "dev": true
    },
    "minimatch": {
      "version": "http://artifactory.otenv.com/artifactory/api/npm/npm-virtual/minimatch/-/minimatch-0.2.14.tgz",
      "integrity": "sha1-x054BXT2PG+aCQ6Q775u9TpqdWo=",
      "dev": true,
      "requires": {
        "lru-cache": "http://artifactory.otenv.com/artifactory/api/npm/npm-virtual/lru-cache/-/lru-cache-2.7.3.tgz",
        "sigmund": "http://artifactory.otenv.com/artifactory/api/npm/npm-virtual/sigmund/-/sigmund-1.0.1.tgz"
      }
    },
    "minimist": {
      "version": "https://registry.npmjs.org/minimist/-/minimist-0.0.8.tgz",
      "integrity": "sha1-hX/Kv8M5fSYluCKCYuhqp6ARsF0=",
      "dev": true
    },
    "mkdirp": {
      "version": "https://registry.npmjs.org/mkdirp/-/mkdirp-0.3.5.tgz",
      "integrity": "sha1-3j5fiWHIjHh+4TaN+EmsRBPsqNc=",
      "dev": true
    },
    "sigmund": {
      "version": "http://artifactory.otenv.com/artifactory/api/npm/npm-virtual/sigmund/-/sigmund-1.0.1.tgz",
      "integrity": "sha1-P/IfGYytIXX587eBhT/ZTQ0ZtZA=",
      "dev": true
    },
    "underscore": {
      "version": "http://artifactory.otenv.com/artifactory/api/npm/npm-virtual/underscore/-/underscore-1.6.0.tgz",
      "integrity": "sha1-izixDKze9jM3uLJOT/htRa6lKag=",
      "dev": true
    },
    "walkdir": {
      "version": "https://registry.npmjs.org/walkdir/-/walkdir-0.0.11.tgz",
      "integrity": "sha1-oW0CXrkxvQO1LzCMrtD0D86+lTI=",
      "dev": true
    }
  }
}
